
Microsoft Visual Studio Solution File, Format Version 12.00
# Visual Studio Version 16
VisualStudioVersion = 16.0.29209.62
MinimumVisualStudioVersion = 10.0.40219.1
Project("{FAE04EC0-301F-11D3-BF4B-00C04F79EFBC}") = "DVCS Exercise", "DVCS Exercise\DVCS Exercise.csproj", "{36A9A9FE-8AAF-40B7-A873-BFFF894B382C}"
EndProject
Global
	GlobalSection(SolutionConfigurationPlatforms) = preSolution
		Debug|Any CPU = Debug|Any CPU
		Release|Any CPU = Release|Any CPU
	EndGlobalSection
	GlobalSection(ProjectConfigurationPlatforms) = postSolution
		{36A9A9FE-8AAF-40B7-A873-BFFF894B382C}.Debug|Any CPU.ActiveCfg = Debug|Any CPU
		{36A9A9FE-8AAF-40B7-A873-BFFF894B382C}.Debug|Any CPU.Build.0 = Debug|Any CPU
		{36A9A9FE-8AAF-40B7-A873-BFFF894B382C}.Release|Any CPU.ActiveCfg = Release|Any CPU
		{36A9A9FE-8AAF-40B7-A873-BFFF894B382C}.Release|Any CPU.Build.0 = Release|Any CPU
	EndGlobalSection
	GlobalSection(SolutionProperties) = preSolution
		HideSolutionNode = FALSE
	EndGlobalSection
	GlobalSection(ExtensibilityGlobals) = postSolution
		SolutionGuid = {75660DC4-F7EF-47B6-903D-FD447DA986E4}
	EndGlobalSection
EndGlobal
